
Microsoft Visual Studio Solution File, Format Version 12.00
# Visual Studio Version 16
VisualStudioVersion = 16.0.30114.105
MinimumVisualStudioVersion = 10.0.40219.1
Project("{2150E333-8FDC-42A3-9474-1A3956D46DE8}") = "modules", "modules", "{70FC29F5-8D9C-42B5-8E9F-0160C650A042}"
EndProject
Project("{2150E333-8FDC-42A3-9474-1A3956D46DE8}") = "basket", "basket", "{1F682D3F-63A0-4804-AE4C-CD1596CAE940}"
EndProject
Project("{2150E333-8FDC-42A3-9474-1A3956D46DE8}") = "backend", "backend", "{27BFFF0A-CFCC-42DB-8DA7-8EFD012B970E}"
EndProject
Project("{FAE04EC0-301F-11D3-BF4B-00C04F79EFBC}") = "Basket.Api", "modules\basket\backend\Basket.Api\Basket.Api.csproj", "{D00C40CA-2ABC-49CC-BFB2-1EC75E62102B}"
EndProject
Project("{2150E333-8FDC-42A3-9474-1A3956D46DE8}") = "catalog", "catalog", "{E75BD580-E9B6-40EF-8A96-1DB493ABEAFD}"
EndProject
Project("{2150E333-8FDC-42A3-9474-1A3956D46DE8}") = "backend", "backend", "{976B75E4-3BD7-4592-88EC-31836B4312EA}"
EndProject
Project("{FAE04EC0-301F-11D3-BF4B-00C04F79EFBC}") = "Catalog.Api", "modules\catalog\backend\Catalog.Api\Catalog.Api.csproj", "{FFA77760-D252-430C-B84A-C49FAC25B88E}"
EndProject
Project("{2150E333-8FDC-42A3-9474-1A3956D46DE8}") = "identity", "identity", "{BC7E77D6-B322-4881-A114-574FF947EDC3}"
EndProject
Project("{2150E333-8FDC-42A3-9474-1A3956D46DE8}") = "backend", "backend", "{A3A301B8-1D56-456A-B12A-609B3EBD29D0}"
EndProject
Project("{FAE04EC0-301F-11D3-BF4B-00C04F79EFBC}") = "Identity.Api", "modules\identity\backend\Identity.Api\Identity.Api.csproj", "{80E59EA6-BFC2-4ECD-A994-17C311524157}"
EndProject
Project("{2150E333-8FDC-42A3-9474-1A3956D46DE8}") = "inventory", "inventory", "{596C6B25-3FB1-463D-946E-5D9B9AD76921}"
EndProject
Project("{2150E333-8FDC-42A3-9474-1A3956D46DE8}") = "backend", "backend", "{B1B1E9CA-977B-43BD-87AF-F38B3392B24A}"
EndProject
Project("{FAE04EC0-301F-11D3-BF4B-00C04F79EFBC}") = "Inventory.Api", "modules\inventory\backend\Inventory.Api\Inventory.Api.csproj", "{2FDF2CDE-B37E-4D8B-A448-8BD12F472AE0}"
EndProject
Project("{2150E333-8FDC-42A3-9474-1A3956D46DE8}") = "order", "order", "{B3FEB7BC-185F-4233-9425-A7ADC27537DB}"
EndProject
Project("{2150E333-8FDC-42A3-9474-1A3956D46DE8}") = "backend", "backend", "{50E0E655-74F8-44E0-A06F-72EE8DFA699A}"
EndProject
Project("{FAE04EC0-301F-11D3-BF4B-00C04F79EFBC}") = "Order.Api", "modules\order\backend\Order.Api\Order.Api.csproj", "{3B5A7873-14C7-48F2-BA57-F1C0891A5FAE}"
EndProject
Project("{FAE04EC0-301F-11D3-BF4B-00C04F79EFBC}") = "Basket.Application", "modules\basket\backend\Basket.Application\Basket.Application.csproj", "{E9DD8179-44CF-49D5-9470-E0A4B2B81841}"
EndProject
Project("{FAE04EC0-301F-11D3-BF4B-00C04F79EFBC}") = "Basket.Domain", "modules\basket\backend\Basket.Domain\Basket.Domain.csproj", "{DE3E8EAE-1AE9-4F4C-B54B-936A23B3B538}"
EndProject
Project("{FAE04EC0-301F-11D3-BF4B-00C04F79EFBC}") = "Basket.Infrastructure", "modules\basket\backend\Basket.Infrastructure\Basket.Infrastructure.csproj", "{7FB1318E-8BB5-4A6B-BF95-7E447CE7F449}"
EndProject
Project("{FAE04EC0-301F-11D3-BF4B-00C04F79EFBC}") = "Catalog.Application", "modules\catalog\backend\Catalog.Application\Catalog.Application.csproj", "{03827FA6-EFB2-460B-B30D-BF82EADB952D}"
EndProject
Project("{FAE04EC0-301F-11D3-BF4B-00C04F79EFBC}") = "Catalog.Domain", "modules\catalog\backend\Catalog.Domain\Catalog.Domain.csproj", "{7EA1C5B0-FBC8-4BBB-A509-667CB036B1BE}"
EndProject
Project("{FAE04EC0-301F-11D3-BF4B-00C04F79EFBC}") = "Catalog.Infrastructure", "modules\catalog\backend\Catalog.Infrastructure\Catalog.Infrastructure.csproj", "{B2B51140-7108-4FE0-A4A5-77B3E09D5BF4}"
EndProject
Project("{FAE04EC0-301F-11D3-BF4B-00C04F79EFBC}") = "Identity.Application", "modules\identity\backend\Identity.Application\Identity.Application.csproj", "{D86095CC-0264-42B8-B9E4-32D2613ECABF}"
EndProject
Project("{FAE04EC0-301F-11D3-BF4B-00C04F79EFBC}") = "Identity.Domain", "modules\identity\backend\Identity.Domain\Identity.Domain.csproj", "{B2BA5724-A6FE-453C-90FA-C232397C4D34}"
EndProject
Project("{FAE04EC0-301F-11D3-BF4B-00C04F79EFBC}") = "Identity.Infrastructure", "modules\identity\backend\Identity.Infrastructure\Identity.Infrastructure.csproj", "{F75906A4-9C1B-47E2-9FBE-5C70814AB546}"
EndProject
Project("{2150E333-8FDC-42A3-9474-1A3956D46DE8}") = "Tests", "Tests", "{AF0C2068-44C9-441F-A430-B1CE8BBD16E8}"
EndProject
Project("{FAE04EC0-301F-11D3-BF4B-00C04F79EFBC}") = "Identity.IntegrationTest", "modules\identity\backend\Tests\Identity.IntegrationTest\Identity.IntegrationTest.csproj", "{9BECCB08-B011-4350-A384-4762A8DBACC0}"
EndProject
Project("{FAE04EC0-301F-11D3-BF4B-00C04F79EFBC}") = "Identity.UnitTest", "modules\identity\backend\Tests\Identity.UnitTest\Identity.UnitTest.csproj", "{D668603E-9415-49A5-BD33-40EF389933DC}"
EndProject
Project("{FAE04EC0-301F-11D3-BF4B-00C04F79EFBC}") = "Inventory.Application", "modules\inventory\backend\Inventory.Application\Inventory.Application.csproj", "{3A7969C4-604B-416C-ACA3-9710F27E9D5C}"
EndProject
Project("{FAE04EC0-301F-11D3-BF4B-00C04F79EFBC}") = "Inventory.Domain", "modules\inventory\backend\Inventory.Domain\Inventory.Domain.csproj", "{711BE313-96A7-4CB2-A97F-9EA7CE7CD44C}"
EndProject
Project("{FAE04EC0-301F-11D3-BF4B-00C04F79EFBC}") = "Inventory.Infrastructure", "modules\inventory\backend\Inventory.Infrastructure\Inventory.Infrastructure.csproj", "{11B32A17-33D0-45EA-9A84-867988F37A56}"
EndProject
Project("{2150E333-8FDC-42A3-9474-1A3956D46DE8}") = "Tests", "Tests", "{37DD5A62-B7F5-4FB9-B68F-3219A66AF543}"
EndProject
Project("{FAE04EC0-301F-11D3-BF4B-00C04F79EFBC}") = "Inventory.IntegrationTest", "modules\inventory\backend\Tests\Inventory.IntegrationTest\Inventory.IntegrationTest.csproj", "{CF1C4CFD-3BDC-4BA4-8581-CEEE4F4ED438}"
EndProject
Project("{FAE04EC0-301F-11D3-BF4B-00C04F79EFBC}") = "Inventory.UnitTest", "modules\inventory\backend\Tests\Inventory.UnitTest\Inventory.UnitTest.csproj", "{2C212F0A-FB4B-445F-9B22-D62198CD7E7F}"
EndProject
Project("{FAE04EC0-301F-11D3-BF4B-00C04F79EFBC}") = "Order.Application", "modules\order\backend\Order.Application\Order.Application.csproj", "{A5024C55-204B-4A04-A02A-111755AA0F8B}"
EndProject
Project("{FAE04EC0-301F-11D3-BF4B-00C04F79EFBC}") = "Order.Domain", "modules\order\backend\Order.Domain\Order.Domain.csproj", "{17983903-A42C-4707-AE56-1A8BDA3AC47E}"
EndProject
Project("{FAE04EC0-301F-11D3-BF4B-00C04F79EFBC}") = "Order.Infrastructure", "modules\order\backend\Order.Infrastructure\Order.Infrastructure.csproj", "{B3E347FB-BDCD-4664-AD25-034ECAD9535E}"
EndProject
Project("{2150E333-8FDC-42A3-9474-1A3956D46DE8}") = "Tests", "Tests", "{D04510F6-55D1-40C5-A626-DCB331AC9193}"
EndProject
Project("{FAE04EC0-301F-11D3-BF4B-00C04F79EFBC}") = "Order.IntegrationTest", "modules\order\backend\Tests\Order.IntegrationTest\Order.IntegrationTest.csproj", "{E1F96ADA-1BAB-4A60-B3E8-9FF566524B81}"
EndProject
Project("{FAE04EC0-301F-11D3-BF4B-00C04F79EFBC}") = "Order.UnitTest", "modules\order\backend\Tests\Order.UnitTest\Order.UnitTest.csproj", "{692D75F0-D9A6-4261-A84F-A81B673FFFFD}"
EndProject
Project("{2150E333-8FDC-42A3-9474-1A3956D46DE8}") = "Tools", "Tools", "{78DEEFF0-F7D4-44BD-A945-EB78B3B430AF}"
EndProject
Project("{FAE04EC0-301F-11D3-BF4B-00C04F79EFBC}") = "Order.DbPopulator", "modules\order\backend\Tools\Order.DbPopulator\Order.DbPopulator.csproj", "{7A71468D-ACD6-4CBE-8143-53240DA0343B}"
EndProject
Project("{FAE04EC0-301F-11D3-BF4B-00C04F79EFBC}") = "Order.Migrations", "modules\order\backend\Tools\Order.Migrations\Order.Migrations.csproj", "{59EAD000-111C-4AD1-A9FC-F08322F612DD}"
EndProject
Global
	GlobalSection(SolutionConfigurationPlatforms) = preSolution
		Debug|Any CPU = Debug|Any CPU
		Release|Any CPU = Release|Any CPU
	EndGlobalSection
	GlobalSection(SolutionProperties) = preSolution
		HideSolutionNode = FALSE
	EndGlobalSection
	GlobalSection(ProjectConfigurationPlatforms) = postSolution
		{D00C40CA-2ABC-49CC-BFB2-1EC75E62102B}.Debug|Any CPU.ActiveCfg = Debug|Any CPU
		{D00C40CA-2ABC-49CC-BFB2-1EC75E62102B}.Debug|Any CPU.Build.0 = Debug|Any CPU
		{D00C40CA-2ABC-49CC-BFB2-1EC75E62102B}.Release|Any CPU.ActiveCfg = Release|Any CPU
		{D00C40CA-2ABC-49CC-BFB2-1EC75E62102B}.Release|Any CPU.Build.0 = Release|Any CPU
		{FFA77760-D252-430C-B84A-C49FAC25B88E}.Debug|Any CPU.ActiveCfg = Debug|Any CPU
		{FFA77760-D252-430C-B84A-C49FAC25B88E}.Debug|Any CPU.Build.0 = Debug|Any CPU
		{FFA77760-D252-430C-B84A-C49FAC25B88E}.Release|Any CPU.ActiveCfg = Release|Any CPU
		{FFA77760-D252-430C-B84A-C49FAC25B88E}.Release|Any CPU.Build.0 = Release|Any CPU
		{80E59EA6-BFC2-4ECD-A994-17C311524157}.Debug|Any CPU.ActiveCfg = Debug|Any CPU
		{80E59EA6-BFC2-4ECD-A994-17C311524157}.Debug|Any CPU.Build.0 = Debug|Any CPU
		{80E59EA6-BFC2-4ECD-A994-17C311524157}.Release|Any CPU.ActiveCfg = Release|Any CPU
		{80E59EA6-BFC2-4ECD-A994-17C311524157}.Release|Any CPU.Build.0 = Release|Any CPU
		{2FDF2CDE-B37E-4D8B-A448-8BD12F472AE0}.Debug|Any CPU.ActiveCfg = Debug|Any CPU
		{2FDF2CDE-B37E-4D8B-A448-8BD12F472AE0}.Debug|Any CPU.Build.0 = Debug|Any CPU
		{2FDF2CDE-B37E-4D8B-A448-8BD12F472AE0}.Release|Any CPU.ActiveCfg = Release|Any CPU
		{2FDF2CDE-B37E-4D8B-A448-8BD12F472AE0}.Release|Any CPU.Build.0 = Release|Any CPU
		{3B5A7873-14C7-48F2-BA57-F1C0891A5FAE}.Debug|Any CPU.ActiveCfg = Debug|Any CPU
		{3B5A7873-14C7-48F2-BA57-F1C0891A5FAE}.Debug|Any CPU.Build.0 = Debug|Any CPU
		{3B5A7873-14C7-48F2-BA57-F1C0891A5FAE}.Release|Any CPU.ActiveCfg = Release|Any CPU
		{3B5A7873-14C7-48F2-BA57-F1C0891A5FAE}.Release|Any CPU.Build.0 = Release|Any CPU
		{E9DD8179-44CF-49D5-9470-E0A4B2B81841}.Debug|Any CPU.ActiveCfg = Debug|Any CPU
		{E9DD8179-44CF-49D5-9470-E0A4B2B81841}.Debug|Any CPU.Build.0 = Debug|Any CPU
		{E9DD8179-44CF-49D5-9470-E0A4B2B81841}.Release|Any CPU.ActiveCfg = Release|Any CPU
		{E9DD8179-44CF-49D5-9470-E0A4B2B81841}.Release|Any CPU.Build.0 = Release|Any CPU
		{DE3E8EAE-1AE9-4F4C-B54B-936A23B3B538}.Debug|Any CPU.ActiveCfg = Debug|Any CPU
		{DE3E8EAE-1AE9-4F4C-B54B-936A23B3B538}.Debug|Any CPU.Build.0 = Debug|Any CPU
		{DE3E8EAE-1AE9-4F4C-B54B-936A23B3B538}.Release|Any CPU.ActiveCfg = Release|Any CPU
		{DE3E8EAE-1AE9-4F4C-B54B-936A23B3B538}.Release|Any CPU.Build.0 = Release|Any CPU
		{7FB1318E-8BB5-4A6B-BF95-7E447CE7F449}.Debug|Any CPU.ActiveCfg = Debug|Any CPU
		{7FB1318E-8BB5-4A6B-BF95-7E447CE7F449}.Debug|Any CPU.Build.0 = Debug|Any CPU
		{7FB1318E-8BB5-4A6B-BF95-7E447CE7F449}.Release|Any CPU.ActiveCfg = Release|Any CPU
		{7FB1318E-8BB5-4A6B-BF95-7E447CE7F449}.Release|Any CPU.Build.0 = Release|Any CPU
		{03827FA6-EFB2-460B-B30D-BF82EADB952D}.Debug|Any CPU.ActiveCfg = Debug|Any CPU
		{03827FA6-EFB2-460B-B30D-BF82EADB952D}.Debug|Any CPU.Build.0 = Debug|Any CPU
		{03827FA6-EFB2-460B-B30D-BF82EADB952D}.Release|Any CPU.ActiveCfg = Release|Any CPU
		{03827FA6-EFB2-460B-B30D-BF82EADB952D}.Release|Any CPU.Build.0 = Release|Any CPU
		{7EA1C5B0-FBC8-4BBB-A509-667CB036B1BE}.Debug|Any CPU.ActiveCfg = Debug|Any CPU
		{7EA1C5B0-FBC8-4BBB-A509-667CB036B1BE}.Debug|Any CPU.Build.0 = Debug|Any CPU
		{7EA1C5B0-FBC8-4BBB-A509-667CB036B1BE}.Release|Any CPU.ActiveCfg = Release|Any CPU
		{7EA1C5B0-FBC8-4BBB-A509-667CB036B1BE}.Release|Any CPU.Build.0 = Release|Any CPU
		{B2B51140-7108-4FE0-A4A5-77B3E09D5BF4}.Debug|Any CPU.ActiveCfg = Debug|Any CPU
		{B2B51140-7108-4FE0-A4A5-77B3E09D5BF4}.Debug|Any CPU.Build.0 = Debug|Any CPU
		{B2B51140-7108-4FE0-A4A5-77B3E09D5BF4}.Release|Any CPU.ActiveCfg = Release|Any CPU
		{B2B51140-7108-4FE0-A4A5-77B3E09D5BF4}.Release|Any CPU.Build.0 = Release|Any CPU
		{D86095CC-0264-42B8-B9E4-32D2613ECABF}.Debug|Any CPU.ActiveCfg = Debug|Any CPU
		{D86095CC-0264-42B8-B9E4-32D2613ECABF}.Debug|Any CPU.Build.0 = Debug|Any CPU
		{D86095CC-0264-42B8-B9E4-32D2613ECABF}.Release|Any CPU.ActiveCfg = Release|Any CPU
		{D86095CC-0264-42B8-B9E4-32D2613ECABF}.Release|Any CPU.Build.0 = Release|Any CPU
		{B2BA5724-A6FE-453C-90FA-C232397C4D34}.Debug|Any CPU.ActiveCfg = Debug|Any CPU
		{B2BA5724-A6FE-453C-90FA-C232397C4D34}.Debug|Any CPU.Build.0 = Debug|Any CPU
		{B2BA5724-A6FE-453C-90FA-C232397C4D34}.Release|Any CPU.ActiveCfg = Release|Any CPU
		{B2BA5724-A6FE-453C-90FA-C232397C4D34}.Release|Any CPU.Build.0 = Release|Any CPU
		{F75906A4-9C1B-47E2-9FBE-5C70814AB546}.Debug|Any CPU.ActiveCfg = Debug|Any CPU
		{F75906A4-9C1B-47E2-9FBE-5C70814AB546}.Debug|Any CPU.Build.0 = Debug|Any CPU
		{F75906A4-9C1B-47E2-9FBE-5C70814AB546}.Release|Any CPU.ActiveCfg = Release|Any CPU
		{F75906A4-9C1B-47E2-9FBE-5C70814AB546}.Release|Any CPU.Build.0 = Release|Any CPU
		{9BECCB08-B011-4350-A384-4762A8DBACC0}.Debug|Any CPU.ActiveCfg = Debug|Any CPU
		{9BECCB08-B011-4350-A384-4762A8DBACC0}.Debug|Any CPU.Build.0 = Debug|Any CPU
		{9BECCB08-B011-4350-A384-4762A8DBACC0}.Release|Any CPU.ActiveCfg = Release|Any CPU
		{9BECCB08-B011-4350-A384-4762A8DBACC0}.Release|Any CPU.Build.0 = Release|Any CPU
		{D668603E-9415-49A5-BD33-40EF389933DC}.Debug|Any CPU.ActiveCfg = Debug|Any CPU
		{D668603E-9415-49A5-BD33-40EF389933DC}.Debug|Any CPU.Build.0 = Debug|Any CPU
		{D668603E-9415-49A5-BD33-40EF389933DC}.Release|Any CPU.ActiveCfg = Release|Any CPU
		{D668603E-9415-49A5-BD33-40EF389933DC}.Release|Any CPU.Build.0 = Release|Any CPU
		{3A7969C4-604B-416C-ACA3-9710F27E9D5C}.Debug|Any CPU.ActiveCfg = Debug|Any CPU
		{3A7969C4-604B-416C-ACA3-9710F27E9D5C}.Debug|Any CPU.Build.0 = Debug|Any CPU
		{3A7969C4-604B-416C-ACA3-9710F27E9D5C}.Release|Any CPU.ActiveCfg = Release|Any CPU
		{3A7969C4-604B-416C-ACA3-9710F27E9D5C}.Release|Any CPU.Build.0 = Release|Any CPU
		{711BE313-96A7-4CB2-A97F-9EA7CE7CD44C}.Debug|Any CPU.ActiveCfg = Debug|Any CPU
		{711BE313-96A7-4CB2-A97F-9EA7CE7CD44C}.Debug|Any CPU.Build.0 = Debug|Any CPU
		{711BE313-96A7-4CB2-A97F-9EA7CE7CD44C}.Release|Any CPU.ActiveCfg = Release|Any CPU
		{711BE313-96A7-4CB2-A97F-9EA7CE7CD44C}.Release|Any CPU.Build.0 = Release|Any CPU
		{11B32A17-33D0-45EA-9A84-867988F37A56}.Debug|Any CPU.ActiveCfg = Debug|Any CPU
		{11B32A17-33D0-45EA-9A84-867988F37A56}.Debug|Any CPU.Build.0 = Debug|Any CPU
		{11B32A17-33D0-45EA-9A84-867988F37A56}.Release|Any CPU.ActiveCfg = Release|Any CPU
		{11B32A17-33D0-45EA-9A84-867988F37A56}.Release|Any CPU.Build.0 = Release|Any CPU
		{CF1C4CFD-3BDC-4BA4-8581-CEEE4F4ED438}.Debug|Any CPU.ActiveCfg = Debug|Any CPU
		{CF1C4CFD-3BDC-4BA4-8581-CEEE4F4ED438}.Debug|Any CPU.Build.0 = Debug|Any CPU
		{CF1C4CFD-3BDC-4BA4-8581-CEEE4F4ED438}.Release|Any CPU.ActiveCfg = Release|Any CPU
		{CF1C4CFD-3BDC-4BA4-8581-CEEE4F4ED438}.Release|Any CPU.Build.0 = Release|Any CPU
		{2C212F0A-FB4B-445F-9B22-D62198CD7E7F}.Debug|Any CPU.ActiveCfg = Debug|Any CPU
		{2C212F0A-FB4B-445F-9B22-D62198CD7E7F}.Debug|Any CPU.Build.0 = Debug|Any CPU
		{2C212F0A-FB4B-445F-9B22-D62198CD7E7F}.Release|Any CPU.ActiveCfg = Release|Any CPU
		{2C212F0A-FB4B-445F-9B22-D62198CD7E7F}.Release|Any CPU.Build.0 = Release|Any CPU
		{A5024C55-204B-4A04-A02A-111755AA0F8B}.Debug|Any CPU.ActiveCfg = Debug|Any CPU
		{A5024C55-204B-4A04-A02A-111755AA0F8B}.Debug|Any CPU.Build.0 = Debug|Any CPU
		{A5024C55-204B-4A04-A02A-111755AA0F8B}.Release|Any CPU.ActiveCfg = Release|Any CPU
		{A5024C55-204B-4A04-A02A-111755AA0F8B}.Release|Any CPU.Build.0 = Release|Any CPU
		{17983903-A42C-4707-AE56-1A8BDA3AC47E}.Debug|Any CPU.ActiveCfg = Debug|Any CPU
		{17983903-A42C-4707-AE56-1A8BDA3AC47E}.Debug|Any CPU.Build.0 = Debug|Any CPU
		{17983903-A42C-4707-AE56-1A8BDA3AC47E}.Release|Any CPU.ActiveCfg = Release|Any CPU
		{17983903-A42C-4707-AE56-1A8BDA3AC47E}.Release|Any CPU.Build.0 = Release|Any CPU
		{B3E347FB-BDCD-4664-AD25-034ECAD9535E}.Debug|Any CPU.ActiveCfg = Debug|Any CPU
		{B3E347FB-BDCD-4664-AD25-034ECAD9535E}.Debug|Any CPU.Build.0 = Debug|Any CPU
		{B3E347FB-BDCD-4664-AD25-034ECAD9535E}.Release|Any CPU.ActiveCfg = Release|Any CPU
		{B3E347FB-BDCD-4664-AD25-034ECAD9535E}.Release|Any CPU.Build.0 = Release|Any CPU
		{E1F96ADA-1BAB-4A60-B3E8-9FF566524B81}.Debug|Any CPU.ActiveCfg = Debug|Any CPU
		{E1F96ADA-1BAB-4A60-B3E8-9FF566524B81}.Debug|Any CPU.Build.0 = Debug|Any CPU
		{E1F96ADA-1BAB-4A60-B3E8-9FF566524B81}.Release|Any CPU.ActiveCfg = Release|Any CPU
		{E1F96ADA-1BAB-4A60-B3E8-9FF566524B81}.Release|Any CPU.Build.0 = Release|Any CPU
		{692D75F0-D9A6-4261-A84F-A81B673FFFFD}.Debug|Any CPU.ActiveCfg = Debug|Any CPU
		{692D75F0-D9A6-4261-A84F-A81B673FFFFD}.Debug|Any CPU.Build.0 = Debug|Any CPU
		{692D75F0-D9A6-4261-A84F-A81B673FFFFD}.Release|Any CPU.ActiveCfg = Release|Any CPU
		{692D75F0-D9A6-4261-A84F-A81B673FFFFD}.Release|Any CPU.Build.0 = Release|Any CPU
		{7A71468D-ACD6-4CBE-8143-53240DA0343B}.Debug|Any CPU.ActiveCfg = Debug|Any CPU
		{7A71468D-ACD6-4CBE-8143-53240DA0343B}.Debug|Any CPU.Build.0 = Debug|Any CPU
		{7A71468D-ACD6-4CBE-8143-53240DA0343B}.Release|Any CPU.ActiveCfg = Release|Any CPU
		{7A71468D-ACD6-4CBE-8143-53240DA0343B}.Release|Any CPU.Build.0 = Release|Any CPU
		{59EAD000-111C-4AD1-A9FC-F08322F612DD}.Debug|Any CPU.ActiveCfg = Debug|Any CPU
		{59EAD000-111C-4AD1-A9FC-F08322F612DD}.Debug|Any CPU.Build.0 = Debug|Any CPU
		{59EAD000-111C-4AD1-A9FC-F08322F612DD}.Release|Any CPU.ActiveCfg = Release|Any CPU
		{59EAD000-111C-4AD1-A9FC-F08322F612DD}.Release|Any CPU.Build.0 = Release|Any CPU
	EndGlobalSection
	GlobalSection(NestedProjects) = preSolution
		{1F682D3F-63A0-4804-AE4C-CD1596CAE940} = {70FC29F5-8D9C-42B5-8E9F-0160C650A042}
		{27BFFF0A-CFCC-42DB-8DA7-8EFD012B970E} = {1F682D3F-63A0-4804-AE4C-CD1596CAE940}
		{D00C40CA-2ABC-49CC-BFB2-1EC75E62102B} = {27BFFF0A-CFCC-42DB-8DA7-8EFD012B970E}
		{E75BD580-E9B6-40EF-8A96-1DB493ABEAFD} = {70FC29F5-8D9C-42B5-8E9F-0160C650A042}
		{976B75E4-3BD7-4592-88EC-31836B4312EA} = {E75BD580-E9B6-40EF-8A96-1DB493ABEAFD}
		{FFA77760-D252-430C-B84A-C49FAC25B88E} = {976B75E4-3BD7-4592-88EC-31836B4312EA}
		{BC7E77D6-B322-4881-A114-574FF947EDC3} = {70FC29F5-8D9C-42B5-8E9F-0160C650A042}
		{A3A301B8-1D56-456A-B12A-609B3EBD29D0} = {BC7E77D6-B322-4881-A114-574FF947EDC3}
		{80E59EA6-BFC2-4ECD-A994-17C311524157} = {A3A301B8-1D56-456A-B12A-609B3EBD29D0}
		{596C6B25-3FB1-463D-946E-5D9B9AD76921} = {70FC29F5-8D9C-42B5-8E9F-0160C650A042}
		{B1B1E9CA-977B-43BD-87AF-F38B3392B24A} = {596C6B25-3FB1-463D-946E-5D9B9AD76921}
		{2FDF2CDE-B37E-4D8B-A448-8BD12F472AE0} = {B1B1E9CA-977B-43BD-87AF-F38B3392B24A}
		{B3FEB7BC-185F-4233-9425-A7ADC27537DB} = {70FC29F5-8D9C-42B5-8E9F-0160C650A042}
		{50E0E655-74F8-44E0-A06F-72EE8DFA699A} = {B3FEB7BC-185F-4233-9425-A7ADC27537DB}
		{3B5A7873-14C7-48F2-BA57-F1C0891A5FAE} = {50E0E655-74F8-44E0-A06F-72EE8DFA699A}
		{E9DD8179-44CF-49D5-9470-E0A4B2B81841} = {27BFFF0A-CFCC-42DB-8DA7-8EFD012B970E}
		{DE3E8EAE-1AE9-4F4C-B54B-936A23B3B538} = {27BFFF0A-CFCC-42DB-8DA7-8EFD012B970E}
		{7FB1318E-8BB5-4A6B-BF95-7E447CE7F449} = {27BFFF0A-CFCC-42DB-8DA7-8EFD012B970E}
		{03827FA6-EFB2-460B-B30D-BF82EADB952D} = {976B75E4-3BD7-4592-88EC-31836B4312EA}
		{7EA1C5B0-FBC8-4BBB-A509-667CB036B1BE} = {976B75E4-3BD7-4592-88EC-31836B4312EA}
		{B2B51140-7108-4FE0-A4A5-77B3E09D5BF4} = {976B75E4-3BD7-4592-88EC-31836B4312EA}
		{D86095CC-0264-42B8-B9E4-32D2613ECABF} = {A3A301B8-1D56-456A-B12A-609B3EBD29D0}
		{B2BA5724-A6FE-453C-90FA-C232397C4D34} = {A3A301B8-1D56-456A-B12A-609B3EBD29D0}
		{F75906A4-9C1B-47E2-9FBE-5C70814AB546} = {A3A301B8-1D56-456A-B12A-609B3EBD29D0}
		{AF0C2068-44C9-441F-A430-B1CE8BBD16E8} = {A3A301B8-1D56-456A-B12A-609B3EBD29D0}
		{9BECCB08-B011-4350-A384-4762A8DBACC0} = {AF0C2068-44C9-441F-A430-B1CE8BBD16E8}
		{D668603E-9415-49A5-BD33-40EF389933DC} = {AF0C2068-44C9-441F-A430-B1CE8BBD16E8}
		{3A7969C4-604B-416C-ACA3-9710F27E9D5C} = {B1B1E9CA-977B-43BD-87AF-F38B3392B24A}
		{711BE313-96A7-4CB2-A97F-9EA7CE7CD44C} = {B1B1E9CA-977B-43BD-87AF-F38B3392B24A}
		{11B32A17-33D0-45EA-9A84-867988F37A56} = {B1B1E9CA-977B-43BD-87AF-F38B3392B24A}
		{37DD5A62-B7F5-4FB9-B68F-3219A66AF543} = {B1B1E9CA-977B-43BD-87AF-F38B3392B24A}
		{CF1C4CFD-3BDC-4BA4-8581-CEEE4F4ED438} = {37DD5A62-B7F5-4FB9-B68F-3219A66AF543}
		{2C212F0A-FB4B-445F-9B22-D62198CD7E7F} = {37DD5A62-B7F5-4FB9-B68F-3219A66AF543}
		{A5024C55-204B-4A04-A02A-111755AA0F8B} = {50E0E655-74F8-44E0-A06F-72EE8DFA699A}
		{17983903-A42C-4707-AE56-1A8BDA3AC47E} = {50E0E655-74F8-44E0-A06F-72EE8DFA699A}
		{B3E347FB-BDCD-4664-AD25-034ECAD9535E} = {50E0E655-74F8-44E0-A06F-72EE8DFA699A}
		{D04510F6-55D1-40C5-A626-DCB331AC9193} = {50E0E655-74F8-44E0-A06F-72EE8DFA699A}
		{E1F96ADA-1BAB-4A60-B3E8-9FF566524B81} = {D04510F6-55D1-40C5-A626-DCB331AC9193}
		{692D75F0-D9A6-4261-A84F-A81B673FFFFD} = {D04510F6-55D1-40C5-A626-DCB331AC9193}
		{78DEEFF0-F7D4-44BD-A945-EB78B3B430AF} = {50E0E655-74F8-44E0-A06F-72EE8DFA699A}
		{7A71468D-ACD6-4CBE-8143-53240DA0343B} = {78DEEFF0-F7D4-44BD-A945-EB78B3B430AF}
		{59EAD000-111C-4AD1-A9FC-F08322F612DD} = {78DEEFF0-F7D4-44BD-A945-EB78B3B430AF}
	EndGlobalSection
EndGlobal
